// !$*UTF8*$!
{
	archiveVersion = 1;
	classes = {
	};
	objectVersion = 46;
	objects = {

/* Begin PBXBuildFile section */
		BA1E32671E0CC3D60029FF02 /* AppDelegate.swift in Sources */ = {isa = PBXBuildFile; fileRef = BA1E32661E0CC3D60029FF02 /* AppDelegate.swift */; };
		BA1E32691E0CC3D60029FF02 /* WeatherVC.swift in Sources */ = {isa = PBXBuildFile; fileRef = BA1E32681E0CC3D60029FF02 /* WeatherVC.swift */; };
		BA1E326C1E0CC3D60029FF02 /* Main.storyboard in Resources */ = {isa = PBXBuildFile; fileRef = BA1E326A1E0CC3D60029FF02 /* Main.storyboard */; };
		BA1E326E1E0CC3D60029FF02 /* Assets.xcassets in Resources */ = {isa = PBXBuildFile; fileRef = BA1E326D1E0CC3D60029FF02 /* Assets.xcassets */; };
		BA1E32711E0CC3D60029FF02 /* LaunchScreen.storyboard in Resources */ = {isa = PBXBuildFile; fileRef = BA1E326F1E0CC3D60029FF02 /* LaunchScreen.storyboard */; };
		BA6A51941E1C4D24008096A4 /* Forecast.swift in Sources */ = {isa = PBXBuildFile; fileRef = BA6A51931E1C4D24008096A4 /* Forecast.swift */; };
		BA6A51961E1CD111008096A4 /* WeatherCell.swift in Sources */ = {isa = PBXBuildFile; fileRef = BA6A51951E1CD111008096A4 /* WeatherCell.swift */; };
		BA6A51981E1D005B008096A4 /* Location.swift in Sources */ = {isa = PBXBuildFile; fileRef = BA6A51971E1D005A008096A4 /* Location.swift */; };
		BA7727BC1E19F59B005EE23C /* Constants.swift in Sources */ = {isa = PBXBuildFile; fileRef = BA7727BB1E19F59B005EE23C /* Constants.swift */; };
		BA7727BE1E1A00F3005EE23C /* CurrentWeather.swift in Sources */ = {isa = PBXBuildFile; fileRef = BA7727BD1E1A00F3005EE23C /* CurrentWeather.swift */; };
		E1C59E0B6D7B7DAB2B89A223 /* Pods_rainyshinycloudy.framework in Frameworks */ = {isa = PBXBuildFile; fileRef = D19CCCD7FD513DE4C4DAF8F5 /* Pods_rainyshinycloudy.framework */; };
/* End PBXBuildFile section */

/* Begin PBXFileReference section */
		14199E2A5A946BC27B83B413 /* Pods-rainyshinycloudy.debug.xcconfig */ = {isa = PBXFileReference; includeInIndex = 1; lastKnownFileType = text.xcconfig; name = "Pods-rainyshinycloudy.debug.xcconfig"; path = "Pods/Target Support Files/Pods-rainyshinycloudy/Pods-rainyshinycloudy.debug.xcconfig"; sourceTree = "<group>"; };
		4D1C8A3B2CC83DF166DAD82E /* Pods-rainyshinycloudy.release.xcconfig */ = {isa = PBXFileReference; includeInIndex = 1; lastKnownFileType = text.xcconfig; name = "Pods-rainyshinycloudy.release.xcconfig"; path = "Pods/Target Support Files/Pods-rainyshinycloudy/Pods-rainyshinycloudy.release.xcconfig"; sourceTree = "<group>"; };
		BA1E32631E0CC3D60029FF02 /* rainyshinycloudy.app */ = {isa = PBXFileReference; explicitFileType = wrapper.application; includeInIndex = 0; path = rainyshinycloudy.app; sourceTree = BUILT_PRODUCTS_DIR; };
		BA1E32661E0CC3D60029FF02 /* AppDelegate.swift */ = {isa = PBXFileReference; lastKnownFileType = sourcecode.swift; path = AppDelegate.swift; sourceTree = "<group>"; };
		BA1E32681E0CC3D60029FF02 /* WeatherVC.swift */ = {isa = PBXFileReference; lastKnownFileType = sourcecode.swift; path = WeatherVC.swift; sourceTree = "<group>"; };
		BA1E326B1E0CC3D60029FF02 /* Base */ = {isa = PBXFileReference; lastKnownFileType = file.storyboard; name = Base; path = Base.lproj/Main.storyboard; sourceTree = "<group>"; };
		BA1E326D1E0CC3D60029FF02 /* Assets.xcassets */ = {isa = PBXFileReference; lastKnownFileType = folder.assetcatalog; path = Assets.xcassets; sourceTree = "<group>"; };
		BA1E32701E0CC3D60029FF02 /* Base */ = {isa = PBXFileReference; lastKnownFileType = file.storyboard; name = Base; path = Base.lproj/LaunchScreen.storyboard; sourceTree = "<group>"; };
		BA1E32721E0CC3D60029FF02 /* Info.plist */ = {isa = PBXFileReference; lastKnownFileType = text.plist.xml; path = Info.plist; sourceTree = "<group>"; };
		BA6A51931E1C4D24008096A4 /* Forecast.swift */ = {isa = PBXFileReference; fileEncoding = 4; lastKnownFileType = sourcecode.swift; path = Forecast.swift; sourceTree = "<group>"; };
		BA6A51951E1CD111008096A4 /* WeatherCell.swift */ = {isa = PBXFileReference; fileEncoding = 4; lastKnownFileType = sourcecode.swift; path = WeatherCell.swift; sourceTree = "<group>"; };
		BA6A51971E1D005A008096A4 /* Location.swift */ = {isa = PBXFileReference; fileEncoding = 4; lastKnownFileType = sourcecode.swift; path = Location.swift; sourceTree = "<group>"; };
		BA7727BB1E19F59B005EE23C /* Constants.swift */ = {isa = PBXFileReference; fileEncoding = 4; lastKnownFileType = sourcecode.swift; path = Constants.swift; sourceTree = "<group>"; };
		BA7727BD1E1A00F3005EE23C /* CurrentWeather.swift */ = {isa = PBXFileReference; fileEncoding = 4; lastKnownFileType = sourcecode.swift; path = CurrentWeather.swift; sourceTree = "<group>"; };
		D19CCCD7FD513DE4C4DAF8F5 /* Pods_rainyshinycloudy.framework */ = {isa = PBXFileReference; explicitFileType = wrapper.framework; includeInIndex = 0; path = Pods_rainyshinycloudy.framework; sourceTree = BUILT_PRODUCTS_DIR; };
/* End PBXFileReference section */

/* Begin PBXFrameworksBuildPhase section */
		BA1E32601E0CC3D60029FF02 /* Frameworks */ = {
			isa = PBXFrameworksBuildPhase;
			buildActionMask = 2147483647;
			files = (
				E1C59E0B6D7B7DAB2B89A223 /* Pods_rainyshinycloudy.framework in Frameworks */,
			);
			runOnlyForDeploymentPostprocessing = 0;
		};
/* End PBXFrameworksBuildPhase section */

/* Begin PBXGroup section */
		4C0980A5600ACEE789AA31A5 /* Frameworks */ = {
			isa = PBXGroup;
			children = (
				D19CCCD7FD513DE4C4DAF8F5 /* Pods_rainyshinycloudy.framework */,
			);
			name = Frameworks;
			sourceTree = "<group>";
		};
		BA1E325A1E0CC3D60029FF02 = {
			isa = PBXGroup;
			children = (
				BA1E32651E0CC3D60029FF02 /* rainyshinycloudy */,
				BA1E32641E0CC3D60029FF02 /* Products */,
				C5FB8045A777E0AAAAC76EF8 /* Pods */,
				4C0980A5600ACEE789AA31A5 /* Frameworks */,
			);
			sourceTree = "<group>";
		};
		BA1E32641E0CC3D60029FF02 /* Products */ = {
			isa = PBXGroup;
			children = (
				BA1E32631E0CC3D60029FF02 /* rainyshinycloudy.app */,
			);
			name = Products;
			sourceTree = "<group>";
		};
		BA1E32651E0CC3D60029FF02 /* rainyshinycloudy */ = {
			isa = PBXGroup;
			children = (
				BA1E32661E0CC3D60029FF02 /* AppDelegate.swift */,
				BA1E32681E0CC3D60029FF02 /* WeatherVC.swift */,
				BA7727BD1E1A00F3005EE23C /* CurrentWeather.swift */,
				BA6A51931E1C4D24008096A4 /* Forecast.swift */,
				BA6A51951E1CD111008096A4 /* WeatherCell.swift */,
				BA7727BB1E19F59B005EE23C /* Constants.swift */,
				BA6A51971E1D005A008096A4 /* Location.swift */,
				BA1E326A1E0CC3D60029FF02 /* Main.storyboard */,
				BA1E326D1E0CC3D60029FF02 /* Assets.xcassets */,
				BA1E326F1E0CC3D60029FF02 /* LaunchScreen.storyboard */,
				BA1E32721E0CC3D60029FF02 /* Info.plist */,
			);
			path = rainyshinycloudy;
			sourceTree = "<group>";
		};
		C5FB8045A777E0AAAAC76EF8 /* Pods */ = {
			isa = PBXGroup;
			children = (
				14199E2A5A946BC27B83B413 /* Pods-rainyshinycloudy.debug.xcconfig */,
				4D1C8A3B2CC83DF166DAD82E /* Pods-rainyshinycloudy.release.xcconfig */,
			);
			name = Pods;
			sourceTree = "<group>";
		};
/* End PBXGroup section */

/* Begin PBXNativeTarget section */
		BA1E32621E0CC3D60029FF02 /* rainyshinycloudy */ = {
			isa = PBXNativeTarget;
			buildConfigurationList = BA1E32751E0CC3D60029FF02 /* Build configuration list for PBXNativeTarget "rainyshinycloudy" */;
			buildPhases = (
				35167A02E247B2506F2F21C3 /* [CP] Check Pods Manifest.lock */,
				BA1E325F1E0CC3D60029FF02 /* Sources */,
				BA1E32601E0CC3D60029FF02 /* Frameworks */,
				BA1E32611E0CC3D60029FF02 /* Resources */,
				940F61883AB47B644C483617 /* [CP] Embed Pods Frameworks */,
				5C3623AFEAA2ECB08A01A14D /* [CP] Copy Pods Resources */,
			);
			buildRules = (
			);
			dependencies = (
			);
			name = rainyshinycloudy;
			productName = rainyshinycloudy;
			productReference = BA1E32631E0CC3D60029FF02 /* rainyshinycloudy.app */;
			productType = "com.apple.product-type.application";
		};
/* End PBXNativeTarget section */

/* Begin PBXProject section */
		BA1E325B1E0CC3D60029FF02 /* Project object */ = {
			isa = PBXProject;
			attributes = {
				LastSwiftUpdateCheck = 0810;
				LastUpgradeCheck = 0810;
				ORGANIZATIONNAME = "Fiona Carty";
				TargetAttributes = {
					BA1E32621E0CC3D60029FF02 = {
						CreatedOnToolsVersion = 8.1;
						DevelopmentTeam = D36AC3V592;
						ProvisioningStyle = Automatic;
					};
				};
			};
			buildConfigurationList = BA1E325E1E0CC3D60029FF02 /* Build configuration list for PBXProject "rainyshinycloudy" */;
			compatibilityVersion = "Xcode 3.2";
			developmentRegion = English;
			hasScannedForEncodings = 0;
			knownRegions = (
				en,
				Base,
			);
			mainGroup = BA1E325A1E0CC3D60029FF02;
			productRefGroup = BA1E32641E0CC3D60029FF02 /* Products */;
			projectDirPath = "";
			projectRoot = "";
			targets = (
				BA1E32621E0CC3D60029FF02 /* rainyshinycloudy */,
			);
		};
/* End PBXProject section */

/* Begin PBXResourcesBuildPhase section */
		BA1E32611E0CC3D60029FF02 /* Resources */ = {
			isa = PBXResourcesBuildPhase;
			buildActionMask = 2147483647;
			files = (
				BA1E32711E0CC3D60029FF02 /* LaunchScreen.storyboard in Resources */,
				BA1E326E1E0CC3D60029FF02 /* Assets.xcassets in Resources */,
				BA1E326C1E0CC3D60029FF02 /* Main.storyboard in Resources */,
			);
			runOnlyForDeploymentPostprocessing = 0;
		};
/* End PBXResourcesBuildPhase section */

/* Begin PBXShellScriptBuildPhase section */
		35167A02E247B2506F2F21C3 /* [CP] Check Pods Manifest.lock */ = {
			isa = PBXShellScriptBuildPhase;
			buildActionMask = 2147483647;
			files = (
			);
			inputPaths = (
			);
			name = "[CP] Check Pods Manifest.lock";
			outputPaths = (
			);
			runOnlyForDeploymentPostprocessing = 0;
			shellPath = /bin/sh;
			shellScript = "diff \"${PODS_ROOT}/../Podfile.lock\" \"${PODS_ROOT}/Manifest.lock\" > /dev/null\nif [ $? != 0 ] ; then\n    # print error to STDERR\n    echo \"error: The sandbox is not in sync with the Podfile.lock. Run 'pod install' or update your CocoaPods installation.\" >&2\n    exit 1\nfi\n";
			showEnvVarsInLog = 0;
		};
		5C3623AFEAA2ECB08A01A14D /* [CP] Copy Pods Resources */ = {
			isa = PBXShellScriptBuildPhase;
			buildActionMask = 2147483647;
			files = (
			);
			inputPaths = (
			);
			name = "[CP] Copy Pods Resources";
			outputPaths = (
			);
			runOnlyForDeploymentPostprocessing = 0;
			shellPath = /bin/sh;
			shellScript = "\"${SRCROOT}/Pods/Target Support Files/Pods-rainyshinycloudy/Pods-rainyshinycloudy-resources.sh\"\n";
			showEnvVarsInLog = 0;
		};
		940F61883AB47B644C483617 /* [CP] Embed Pods Frameworks */ = {
			isa = PBXShellScriptBuildPhase;
			buildActionMask = 2147483647;
			files = (
			);
			inputPaths = (
			);
			name = "[CP] Embed Pods Frameworks";
			outputPaths = (
			);
			runOnlyForDeploymentPostprocessing = 0;
			shellPath = /bin/sh;
			shellScript = "\"${SRCROOT}/Pods/Target Support Files/Pods-rainyshinycloudy/Pods-rainyshinycloudy-frameworks.sh\"\n";
			showEnvVarsInLog = 0;
		};
/* End PBXShellScriptBuildPhase section */

/* Begin PBXSourcesBuildPhase section */
		BA1E325F1E0CC3D60029FF02 /* Sources */ = {
			isa = PBXSourcesBuildPhase;
			buildActionMask = 2147483647;
			files = (
				BA1E32691E0CC3D60029FF02 /* WeatherVC.swift in Sources */,
				BA1E32671E0CC3D60029FF02 /* AppDelegate.swift in Sources */,
				BA6A51961E1CD111008096A4 /* WeatherCell.swift in Sources */,
				BA7727BE1E1A00F3005EE23C /* CurrentWeather.swift in Sources */,
				BA7727BC1E19F59B005EE23C /* Constants.swift in Sources */,
				BA6A51941E1C4D24008096A4 /* Forecast.swift in Sources */,
				BA6A51981E1D005B008096A4 /* Location.swift in Sources */,
			);
			runOnlyForDeploymentPostprocessing = 0;
		};
/* End PBXSourcesBuildPhase section */

/* Begin PBXVariantGroup section */
		BA1E326A1E0CC3D60029FF02 /* Main.storyboard */ = {
			isa = PBXVariantGroup;
			children = (
				BA1E326B1E0CC3D60029FF02 /* Base */,
			);
			name = Main.storyboard;
			sourceTree = "<group>";
		};
		BA1E326F1E0CC3D60029FF02 /* LaunchScreen.storyboard */ = {
			isa = PBXVariantGroup;
			children = (
				BA1E32701E0CC3D60029FF02 /* Base */,
			);
			name = LaunchScreen.storyboard;
			sourceTree = "<group>";
		};
/* End PBXVariantGroup section */

/* Begin XCBuildConfiguration section */
		BA1E32731E0CC3D60029FF02 /* Debug */ = {
			isa = XCBuildConfiguration;
			buildSettings = {
				ALWAYS_SEARCH_USER_PATHS = NO;
				CLANG_ANALYZER_NONNULL = YES;
				CLANG_CXX_LANGUAGE_STANDARD = "gnu++0x";
				CLANG_CXX_LIBRARY = "libc++";
				CLANG_ENABLE_MODULES = YES;
				CLANG_ENABLE_OBJC_ARC = YES;
				CLANG_WARN_BOOL_CONVERSION = YES;
				CLANG_WARN_CONSTANT_CONVERSION = YES;
				CLANG_WARN_DIRECT_OBJC_ISA_USAGE = YES_ERROR;
				CLANG_WARN_DOCUMENTATION_COMMENTS = YES;
				CLANG_WARN_EMPTY_BODY = YES;
				CLANG_WARN_ENUM_CONVERSION = YES;
				CLANG_WARN_INFINITE_RECURSION = YES;
				CLANG_WARN_INT_CONVERSION = YES;
				CLANG_WARN_OBJC_ROOT_CLASS = YES_ERROR;
				CLANG_WARN_SUSPICIOUS_MOVE = YES;
				CLANG_WARN_SUSPICIOUS_MOVES = YES;
				CLANG_WARN_UNREACHABLE_CODE = YES;
				CLANG_WARN__DUPLICATE_METHOD_MATCH = YES;
				"CODE_SIGN_IDENTITY[sdk=iphoneos*]" = "iPhone Developer";
				COPY_PHASE_STRIP = NO;
				DEBUG_INFORMATION_FORMAT = dwarf;
				ENABLE_STRICT_OBJC_MSGSEND = YES;
				ENABLE_TESTABILITY = YES;
				GCC_C_LANGUAGE_STANDARD = gnu99;
				GCC_DYNAMIC_NO_PIC = NO;
				GCC_NO_COMMON_BLOCKS = YES;
				GCC_OPTIMIZATION_LEVEL = 0;
				GCC_PREPROCESSOR_DEFINITIONS = (
					"DEBUG=1",
					"$(inherited)",
				);
				GCC_WARN_64_TO_32_BIT_CONVERSION = YES;
				GCC_WARN_ABOUT_RETURN_TYPE = YES_ERROR;
				GCC_WARN_UNDECLARED_SELECTOR = YES;
				GCC_WARN_UNINITIALIZED_AUTOS = YES_AGGRESSIVE;
				GCC_WARN_UNUSED_FUNCTION = YES;
				GCC_WARN_UNUSED_VARIABLE = YES;
				IPHONEOS_DEPLOYMENT_TARGET = 10.1;
				MTL_ENABLE_DEBUG_INFO = YES;
				ONLY_ACTIVE_ARCH = YES;
				SDKROOT = iphoneos;
				SWIFT_ACTIVE_COMPILATION_CONDITIONS = DEBUG;
				SWIFT_OPTIMIZATION_LEVEL = "-Onone";
			};
			name = Debug;
		};
		BA1E32741E0CC3D60029FF02 /* Release */ = {
			isa = XCBuildConfiguration;
			buildSettings = {
				ALWAYS_SEARCH_USER_PATHS = NO;
				CLANG_ANALYZER_NONNULL = YES;
				CLANG_CXX_LANGUAGE_STANDARD = "gnu++0x";
				CLANG_CXX_LIBRARY = "libc++";
				CLANG_ENABLE_MODULES = YES;
				CLANG_ENABLE_OBJC_ARC = YES;
				CLANG_WARN_BOOL_CONVERSION = YES;
				CLANG_WARN_CONSTANT_CONVERSION = YES;
				CLANG_WARN_DIRECT_OBJC_ISA_USAGE = YES_ERROR;
				CLANG_WARN_DOCUMENTATION_COMMENTS = YES;
				CLANG_WARN_EMPTY_BODY = YES;
				CLANG_WARN_ENUM_CONVERSION = YES;
				CLANG_WARN_INFINITE_RECURSION = YES;
				CLANG_WARN_INT_CONVERSION = YES;
				CLANG_WARN_OBJC_ROOT_CLASS = YES_ERROR;
				CLANG_WARN_SUSPICIOUS_MOVE = YES;
				CLANG_WARN_SUSPICIOUS_MOVES = YES;
				CLANG_WARN_UNREACHABLE_CODE = YES;
				CLANG_WARN__DUPLICATE_METHOD_MATCH = YES;
				"CODE_SIGN_IDENTITY[sdk=iphoneos*]" = "iPhone Developer";
				COPY_PHASE_STRIP = NO;
				DEBUG_INFORMATION_FORMAT = "dwarf-with-dsym";
				ENABLE_NS_ASSERTIONS = NO;
				ENABLE_STRICT_OBJC_MSGSEND = YES;
				GCC_C_LANGUAGE_STANDARD = gnu99;
				GCC_NO_COMMON_BLOCKS = YES;
				GCC_WARN_64_TO_32_BIT_CONVERSION = YES;
				GCC_WARN_ABOUT_RETURN_TYPE = YES_ERROR;
				GCC_WARN_UNDECLARED_SELECTOR = YES;
				GCC_WARN_UNINITIALIZED_AUTOS = YES_AGGRESSIVE;
				GCC_WARN_UNUSED_FUNCTION = YES;
				GCC_WARN_UNUSED_VARIABLE = YES;
				IPHONEOS_DEPLOYMENT_TARGET = 10.1;
				MTL_ENABLE_DEBUG_INFO = NO;
				SDKROOT = iphoneos;
				SWIFT_OPTIMIZATION_LEVEL = "-Owholemodule";
				VALIDATE_PRODUCT = YES;
			};
			name = Release;
		};
		BA1E32761E0CC3D60029FF02 /* Debug */ = {
			isa = XCBuildConfiguration;
			baseConfigurationReference = 14199E2A5A946BC27B83B413 /* Pods-rainyshinycloudy.debug.xcconfig */;
			buildSettings = {
				ALWAYS_EMBED_SWIFT_STANDARD_LIBRARIES = YES;
				ASSETCATALOG_COMPILER_APPICON_NAME = AppIcon;
				ASSETCATALOG_COMPILER_LAUNCHIMAGE_NAME = LaunchImage;
				CODE_SIGN_IDENTITY = "iPhone Developer";
				DEVELOPMENT_TEAM = D36AC3V592;
				INFOPLIST_FILE = rainyshinycloudy/Info.plist;
				LD_RUNPATH_SEARCH_PATHS = "$(inherited) @executable_path/Frameworks";
				PRODUCT_BUNDLE_IDENTIFIER = com.makeschool.cloudypal;
				PRODUCT_NAME = "$(TARGET_NAME)";
				SWIFT_VERSION = 3.0;
			};
			name = Debug;
		};
		BA1E32771E0CC3D60029FF02 /* Release */ = {
			isa = XCBuildConfiguration;
			baseConfigurationReference = 4D1C8A3B2CC83DF166DAD82E /* Pods-rainyshinycloudy.release.xcconfig */;
			buildSettings = {
				ALWAYS_EMBED_SWIFT_STANDARD_LIBRARIES = YES;
				ASSETCATALOG_COMPILER_APPICON_NAME = AppIcon;
				ASSETCATALOG_COMPILER_LAUNCHIMAGE_NAME = LaunchImage;
				CODE_SIGN_IDENTITY = "iPhone Developer";
				DEVELOPMENT_TEAM = D36AC3V592;
				INFOPLIST_FILE = rainyshinycloudy/Info.plist;
				LD_RUNPATH_SEARCH_PATHS = "$(inherited) @executable_path/Frameworks";
				PRODUCT_BUNDLE_IDENTIFIER = com.makeschool.cloudypal;
				PRODUCT_NAME = "$(TARGET_NAME)";
				SWIFT_VERSION = 3.0;
			};
			name = Release;
		};
/* End XCBuildConfiguration section */

/* Begin XCConfigurationList section */
		BA1E325E1E0CC3D60029FF02 /* Build configuration list for PBXProject "rainyshinycloudy" */ = {
			isa = XCConfigurationList;
			buildConfigurations = (
				BA1E32731E0CC3D60029FF02 /* Debug */,
				BA1E32741E0CC3D60029FF02 /* Release */,
			);
			defaultConfigurationIsVisible = 0;
			defaultConfigurationName = Release;
		};
		BA1E32751E0CC3D60029FF02 /* Build configuration list for PBXNativeTarget "rainyshinycloudy" */ = {
			isa = XCConfigurationList;
			buildConfigurations = (
				BA1E32761E0CC3D60029FF02 /* Debug */,
				BA1E32771E0CC3D60029FF02 /* Release */,
			);
			defaultConfigurationIsVisible = 0;
			defaultConfigurationName = Release;
		};
/* End XCConfigurationList section */
	};
	rootObject = BA1E325B1E0CC3D60029FF02 /* Project object */;
}
